PODS:
  - AZDateBuilder (1.0.3):
    - AZDateBuilder/ObjC (= 1.0.3)
  - AZDateBuilder/ObjC (1.0.3)
  - AZDateBuilder/Swift (1.0.3)
  - Kiwi (3.0.0)
  - Quick (2.1.0)

DEPENDENCIES:
  - AZDateBuilder
  - AZDateBuilder/Swift
  - Kiwi
  - Quick

SPEC REPOS:
  https://github.com/cocoapods/specs.git:
    - AZDateBuilder
    - Kiwi
    - Quick

SPEC CHECKSUMS:
  AZDateBuilder: df730bac12743ff3a2ca5e88e93a7638245e7ec0
  Kiwi: fbeafef0f00e4d8f7dcb3420a4930afe70af77f7
  Quick: 4be43f6634acfa727dd106bdf3929ce125ffa79d

PODFILE CHECKSUM: e2b75db358521e1606b280da62b25584326048b3

COCOAPODS: 1.6.1
