PODS:
  - Kiwi (2.2.1):
    - Kiwi/ARC
    - Kiwi/NonARC
  - Kiwi/ARC (2.2.1)
  - Kiwi/NonARC (2.2.1)
  - NLTQuickCheck (0.0.1)

DEPENDENCIES:
  - Kiwi
  - NLTQuickCheck

SPEC CHECKSUMS:
  Kiwi: e6524ba0eaa1b28af7af146bdee5314b32aa3edb
  NLTQuickCheck: ed550f50b697fbd6c142d7862c7f3a51852a82e8

COCOAPODS: 0.19.1
